
Microsoft Visual Studio Solution File, Format Version 12.00
Project("{FAE04EC0-301F-11D3-BF4B-00C04F79EFBC}") = "SKB.Core.EditorConfig", "src\SKB.Core.EditorConfig\SKB.Core.EditorConfig.csproj", "{CCA335A4-C044-45DF-87DF-FBF2D0FE353D}"
EndProject
Project("{FAE04EC0-301F-11D3-BF4B-00C04F79EFBC}") = "SKB.Core.LicenseConfig", "src\SKB.Core.LicenseConfig\SKB.Core.LicenseConfig.csproj", "{23CF40C6-3FBF-4BF5-A25B-35968D1F4422}"
EndProject
Global
	GlobalSection(SolutionConfigurationPlatforms) = preSolution
		Debug|Any CPU = Debug|Any CPU
		Release|Any CPU = Release|Any CPU
	EndGlobalSection
	GlobalSection(ProjectConfigurationPlatforms) = postSolution
		{CCA335A4-C044-45DF-87DF-FBF2D0FE353D}.Debug|Any CPU.ActiveCfg = Debug|Any CPU
		{CCA335A4-C044-45DF-87DF-FBF2D0FE353D}.Debug|Any CPU.Build.0 = Debug|Any CPU
		{CCA335A4-C044-45DF-87DF-FBF2D0FE353D}.Release|Any CPU.ActiveCfg = Release|Any CPU
		{CCA335A4-C044-45DF-87DF-FBF2D0FE353D}.Release|Any CPU.Build.0 = Release|Any CPU
		{23CF40C6-3FBF-4BF5-A25B-35968D1F4422}.Debug|Any CPU.ActiveCfg = Debug|Any CPU
		{23CF40C6-3FBF-4BF5-A25B-35968D1F4422}.Debug|Any CPU.Build.0 = Debug|Any CPU
		{23CF40C6-3FBF-4BF5-A25B-35968D1F4422}.Release|Any CPU.ActiveCfg = Release|Any CPU
		{23CF40C6-3FBF-4BF5-A25B-35968D1F4422}.Release|Any CPU.Build.0 = Release|Any CPU
	EndGlobalSection
EndGlobal
